// !$*UTF8*$!
{
	archiveVersion = 1;
	classes = {
	};
	objectVersion = 46;
	objects = {

/* Begin PBXBuildFile section */
		CEB54AF01C61E21700D7F300 /* main.m in Sources */ = {isa = PBXBuildFile; fileRef = CEB54AEF1C61E21700D7F300 /* main.m */; };
		CEB54AF31C61E21700D7F300 /* AppDelegate.m in Sources */ = {isa = PBXBuildFile; fileRef = CEB54AF21C61E21700D7F300 /* AppDelegate.m */; };
		CEB54AF61C61E21700D7F300 /* ViewController.m in Sources */ = {isa = PBXBuildFile; fileRef = CEB54AF51C61E21700D7F300 /* ViewController.m */; };
		CEB54AF91C61E21700D7F300 /* Main.storyboard in Resources */ = {isa = PBXBuildFile; fileRef = CEB54AF71C61E21700D7F300 /* Main.storyboard */; };
		CEB54AFB1C61E21700D7F300 /* Assets.xcassets in Resources */ = {isa = PBXBuildFile; fileRef = CEB54AFA1C61E21700D7F300 /* Assets.xcassets */; };
		CEB54AFE1C61E21700D7F300 /* LaunchScreen.storyboard in Resources */ = {isa = PBXBuildFile; fileRef = CEB54AFC1C61E21700D7F300 /* LaunchScreen.storyboard */; };
		CEB54B091C61E21700D7F300 /* WatchOS2DemoTests.m in Sources */ = {isa = PBXBuildFile; fileRef = CEB54B081C61E21700D7F300 /* WatchOS2DemoTests.m */; };
		CEB54B141C61E21700D7F300 /* WatchOS2DemoUITests.m in Sources */ = {isa = PBXBuildFile; fileRef = CEB54B131C61E21700D7F300 /* WatchOS2DemoUITests.m */; };
		CEB54B271C61E26100D7F300 /* Interface.storyboard in Resources */ = {isa = PBXBuildFile; fileRef = CEB54B251C61E26100D7F300 /* Interface.storyboard */; };
		CEB54B291C61E26100D7F300 /* Assets.xcassets in Resources */ = {isa = PBXBuildFile; fileRef = CEB54B281C61E26100D7F300 /* Assets.xcassets */; };
		CEB54B301C61E26100D7F300 /* WatchOS2DemoWatchExt Extension.appex in Embed App Extensions */ = {isa = PBXBuildFile; fileRef = CEB54B2F1C61E26100D7F300 /* WatchOS2DemoWatchExt Extension.appex */; settings = {ATTRIBUTES = (RemoveHeadersOnCopy, ); }; };
		CEB54B361C61E26100D7F300 /* InterfaceController.m in Sources */ = {isa = PBXBuildFile; fileRef = CEB54B351C61E26100D7F300 /* InterfaceController.m */; };
		CEB54B391C61E26100D7F300 /* ExtensionDelegate.m in Sources */ = {isa = PBXBuildFile; fileRef = CEB54B381C61E26100D7F300 /* ExtensionDelegate.m */; };
		CEB54B3B1C61E26100D7F300 /* Assets.xcassets in Resources */ = {isa = PBXBuildFile; fileRef = CEB54B3A1C61E26100D7F300 /* Assets.xcassets */; };
		CEB54B3F1C61E26100D7F300 /* WatchOS2DemoWatchExt.app in Embed Watch Content */ = {isa = PBXBuildFile; fileRef = CEB54B231C61E26100D7F300 /* WatchOS2DemoWatchExt.app */; };
/* End PBXBuildFile section */

/* Begin PBXContainerItemProxy section */
		CEB54B051C61E21700D7F300 /* PBXContainerItemProxy */ = {
			isa = PBXContainerItemProxy;
			containerPortal = CEB54AE31C61E21700D7F300 /* Project object */;
			proxyType = 1;
			remoteGlobalIDString = CEB54AEA1C61E21700D7F300;
			remoteInfo = WatchOS2Demo;
		};
		CEB54B101C61E21700D7F300 /* PBXContainerItemProxy */ = {
			isa = PBXContainerItemProxy;
			containerPortal = CEB54AE31C61E21700D7F300 /* Project object */;
			proxyType = 1;
			remoteGlobalIDString = CEB54AEA1C61E21700D7F300;
			remoteInfo = WatchOS2Demo;
		};
		CEB54B311C61E26100D7F300 /* PBXContainerItemProxy */ = {
			isa = PBXContainerItemProxy;
			containerPortal = CEB54AE31C61E21700D7F300 /* Project object */;
			proxyType = 1;
			remoteGlobalIDString = CEB54B2E1C61E26100D7F300;
			remoteInfo = "WatchOS2DemoWatchExt Extension";
		};
		CEB54B3D1C61E26100D7F300 /* PBXContainerItemProxy */ = {
			isa = PBXContainerItemProxy;
			containerPortal = CEB54AE31C61E21700D7F300 /* Project object */;
			proxyType = 1;
			remoteGlobalIDString = CEB54B221C61E26100D7F300;
			remoteInfo = WatchOS2DemoWatchExt;
		};
/* End PBXContainerItemProxy section */

/* Begin PBXCopyFilesBuildPhase section */
		CEB54B431C61E26100D7F300 /* Embed App Extensions */ = {
			isa = PBXCopyFilesBuildPhase;
			buildActionMask = 2147483647;
			dstPath = "";
			dstSubfolderSpec = 13;
			files = (
				CEB54B301C61E26100D7F300 /* WatchOS2DemoWatchExt Extension.appex in Embed App Extensions */,
			);
			name = "Embed App Extensions";
			runOnlyForDeploymentPostprocessing = 0;
		};
		CEB54B471C61E26100D7F300 /* Embed Watch Content */ = {
			isa = PBXCopyFilesBuildPhase;
			buildActionMask = 2147483647;
			dstPath = "$(CONTENTS_FOLDER_PATH)/Watch";
			dstSubfolderSpec = 16;
			files = (
				CEB54B3F1C61E26100D7F300 /* WatchOS2DemoWatchExt.app in Embed Watch Content */,
			);
			name = "Embed Watch Content";
			runOnlyForDeploymentPostprocessing = 0;
		};
/* End PBXCopyFilesBuildPhase section */

/* Begin PBXFileReference section */
		CEB54AEB1C61E21700D7F300 /* WatchOS2Demo.app */ = {isa = PBXFileReference; explicitFileType = wrapper.application; includeInIndex = 0; path = WatchOS2Demo.app; sourceTree = BUILT_PRODUCTS_DIR; };
		CEB54AEF1C61E21700D7F300 /* main.m */ = {isa = PBXFileReference; lastKnownFileType = sourcecode.c.objc; path = main.m; sourceTree = "<group>"; };
		CEB54AF11C61E21700D7F300 /* AppDelegate.h */ = {isa = PBXFileReference; lastKnownFileType = sourcecode.c.h; path = AppDelegate.h; sourceTree = "<group>"; };
		CEB54AF21C61E21700D7F300 /* AppDelegate.m */ = {isa = PBXFileReference; lastKnownFileType = sourcecode.c.objc; path = AppDelegate.m; sourceTree = "<group>"; };
		CEB54AF41C61E21700D7F300 /* ViewController.h */ = {isa = PBXFileReference; lastKnownFileType = sourcecode.c.h; path = ViewController.h; sourceTree = "<group>"; };
		CEB54AF51C61E21700D7F300 /* ViewController.m */ = {isa = PBXFileReference; lastKnownFileType = sourcecode.c.objc; path = ViewController.m; sourceTree = "<group>"; };
		CEB54AF81C61E21700D7F300 /* Base */ = {isa = PBXFileReference; lastKnownFileType = file.storyboard; name = Base; path = Base.lproj/Main.storyboard; sourceTree = "<group>"; };
		CEB54AFA1C61E21700D7F300 /* Assets.xcassets */ = {isa = PBXFileReference; lastKnownFileType = folder.assetcatalog; path = Assets.xcassets; sourceTree = "<group>"; };
		CEB54AFD1C61E21700D7F300 /* Base */ = {isa = PBXFileReference; lastKnownFileType = file.storyboard; name = Base; path = Base.lproj/LaunchScreen.storyboard; sourceTree = "<group>"; };
		CEB54AFF1C61E21700D7F300 /* Info.plist */ = {isa = PBXFileReference; lastKnownFileType = text.plist.xml; path = Info.plist; sourceTree = "<group>"; };
		CEB54B041C61E21700D7F300 /* WatchOS2DemoTests.xctest */ = {isa = PBXFileReference; explicitFileType = wrapper.cfbundle; includeInIndex = 0; path = WatchOS2DemoTests.xctest; sourceTree = BUILT_PRODUCTS_DIR; };
		CEB54B081C61E21700D7F300 /* WatchOS2DemoTests.m */ = {isa = PBXFileReference; lastKnownFileType = sourcecode.c.objc; path = WatchOS2DemoTests.m; sourceTree = "<group>"; };
		CEB54B0A1C61E21700D7F300 /* Info.plist */ = {isa = PBXFileReference; lastKnownFileType = text.plist.xml; path = Info.plist; sourceTree = "<group>"; };
		CEB54B0F1C61E21700D7F300 /* WatchOS2DemoUITests.xctest */ = {isa = PBXFileReference; explicitFileType = wrapper.cfbundle; includeInIndex = 0; path = WatchOS2DemoUITests.xctest; sourceTree = BUILT_PRODUCTS_DIR; };
		CEB54B131C61E21700D7F300 /* WatchOS2DemoUITests.m */ = {isa = PBXFileReference; lastKnownFileType = sourcecode.c.objc; path = WatchOS2DemoUITests.m; sourceTree = "<group>"; };
		CEB54B151C61E21700D7F300 /* Info.plist */ = {isa = PBXFileReference; lastKnownFileType = text.plist.xml; path = Info.plist; sourceTree = "<group>"; };
		CEB54B231C61E26100D7F300 /* WatchOS2DemoWatchExt.app */ = {isa = PBXFileReference; explicitFileType = wrapper.application; includeInIndex = 0; path = WatchOS2DemoWatchExt.app; sourceTree = BUILT_PRODUCTS_DIR; };
		CEB54B261C61E26100D7F300 /* Base */ = {isa = PBXFileReference; lastKnownFileType = file.storyboard; name = Base; path = Base.lproj/Interface.storyboard; sourceTree = "<group>"; };
		CEB54B281C61E26100D7F300 /* Assets.xcassets */ = {isa = PBXFileReference; lastKnownFileType = folder.assetcatalog; path = Assets.xcassets; sourceTree = "<group>"; };
		CEB54B2A1C61E26100D7F300 /* Info.plist */ = {isa = PBXFileReference; lastKnownFileType = text.plist.xml; path = Info.plist; sourceTree = "<group>"; };
		CEB54B2F1C61E26100D7F300 /* WatchOS2DemoWatchExt Extension.appex */ = {isa = PBXFileReference; explicitFileType = "wrapper.app-extension"; includeInIndex = 0; path = "WatchOS2DemoWatchExt Extension.appex"; sourceTree = BUILT_PRODUCTS_DIR; };
		CEB54B341C61E26100D7F300 /* InterfaceController.h */ = {isa = PBXFileReference; lastKnownFileType = sourcecode.c.h; path = InterfaceController.h; sourceTree = "<group>"; };
		CEB54B351C61E26100D7F300 /* InterfaceController.m */ = {isa = PBXFileReference; lastKnownFileType = sourcecode.c.objc; path = InterfaceController.m; sourceTree = "<group>"; };
		CEB54B371C61E26100D7F300 /* ExtensionDelegate.h */ = {isa = PBXFileReference; lastKnownFileType = sourcecode.c.h; path = ExtensionDelegate.h; sourceTree = "<group>"; };
		CEB54B381C61E26100D7F300 /* ExtensionDelegate.m */ = {isa = PBXFileReference; lastKnownFileType = sourcecode.c.objc; path = ExtensionDelegate.m; sourceTree = "<group>"; };
		CEB54B3A1C61E26100D7F300 /* Assets.xcassets */ = {isa = PBXFileReference; lastKnownFileType = folder.assetcatalog; path = Assets.xcassets; sourceTree = "<group>"; };
		CEB54B3C1C61E26100D7F300 /* Info.plist */ = {isa = PBXFileReference; lastKnownFileType = text.plist.xml; path = Info.plist; sourceTree = "<group>"; };
/* End PBXFileReference section */

/* Begin PBXFrameworksBuildPhase section */
		CEB54AE81C61E21700D7F300 /* Frameworks */ = {
			isa = PBXFrameworksBuildPhase;
			buildActionMask = 2147483647;
			files = (
			);
			runOnlyForDeploymentPostprocessing = 0;
		};
		CEB54B011C61E21700D7F300 /* Frameworks */ = {
			isa = PBXFrameworksBuildPhase;
			buildActionMask = 2147483647;
			files = (
			);
			runOnlyForDeploymentPostprocessing = 0;
		};
		CEB54B0C1C61E21700D7F300 /* Frameworks */ = {
			isa = PBXFrameworksBuildPhase;
			buildActionMask = 2147483647;
			files = (
			);
			runOnlyForDeploymentPostprocessing = 0;
		};
		CEB54B2C1C61E26100D7F300 /* Frameworks */ = {
			isa = PBXFrameworksBuildPhase;
			buildActionMask = 2147483647;
			files = (
			);
			runOnlyForDeploymentPostprocessing = 0;
		};
/* End PBXFrameworksBuildPhase section */

/* Begin PBXGroup section */
		CEB54AE21C61E21700D7F300 = {
			isa = PBXGroup;
			children = (
				CEB54AED1C61E21700D7F300 /* WatchOS2Demo */,
				CEB54B071C61E21700D7F300 /* WatchOS2DemoTests */,
				CEB54B121C61E21700D7F300 /* WatchOS2DemoUITests */,
				CEB54B241C61E26100D7F300 /* WatchOS2DemoWatchExt */,
				CEB54B331C61E26100D7F300 /* WatchOS2DemoWatchExt Extension */,
				CEB54AEC1C61E21700D7F300 /* Products */,
			);
			sourceTree = "<group>";
		};
		CEB54AEC1C61E21700D7F300 /* Products */ = {
			isa = PBXGroup;
			children = (
				CEB54AEB1C61E21700D7F300 /* WatchOS2Demo.app */,
				CEB54B041C61E21700D7F300 /* WatchOS2DemoTests.xctest */,
				CEB54B0F1C61E21700D7F300 /* WatchOS2DemoUITests.xctest */,
				CEB54B231C61E26100D7F300 /* WatchOS2DemoWatchExt.app */,
				CEB54B2F1C61E26100D7F300 /* WatchOS2DemoWatchExt Extension.appex */,
			);
			name = Products;
			sourceTree = "<group>";
		};
		CEB54AED1C61E21700D7F300 /* WatchOS2Demo */ = {
			isa = PBXGroup;
			children = (
				CEB54AF11C61E21700D7F300 /* AppDelegate.h */,
				CEB54AF21C61E21700D7F300 /* AppDelegate.m */,
				CEB54AF41C61E21700D7F300 /* ViewController.h */,
				CEB54AF51C61E21700D7F300 /* ViewController.m */,
				CEB54AF71C61E21700D7F300 /* Main.storyboard */,
				CEB54AFA1C61E21700D7F300 /* Assets.xcassets */,
				CEB54AFC1C61E21700D7F300 /* LaunchScreen.storyboard */,
				CEB54AFF1C61E21700D7F300 /* Info.plist */,
				CEB54AEE1C61E21700D7F300 /* Supporting Files */,
			);
			path = WatchOS2Demo;
			sourceTree = "<group>";
		};
		CEB54AEE1C61E21700D7F300 /* Supporting Files */ = {
			isa = PBXGroup;
			children = (
				CEB54AEF1C61E21700D7F300 /* main.m */,
			);
			name = "Supporting Files";
			sourceTree = "<group>";
		};
		CEB54B071C61E21700D7F300 /* WatchOS2DemoTests */ = {
			isa = PBXGroup;
			children = (
				CEB54B081C61E21700D7F300 /* WatchOS2DemoTests.m */,
				CEB54B0A1C61E21700D7F300 /* Info.plist */,
			);
			path = WatchOS2DemoTests;
			sourceTree = "<group>";
		};
		CEB54B121C61E21700D7F300 /* WatchOS2DemoUITests */ = {
			isa = PBXGroup;
			children = (
				CEB54B131C61E21700D7F300 /* WatchOS2DemoUITests.m */,
				CEB54B151C61E21700D7F300 /* Info.plist */,
			);
			path = WatchOS2DemoUITests;
			sourceTree = "<group>";
		};
		CEB54B241C61E26100D7F300 /* WatchOS2DemoWatchExt */ = {
			isa = PBXGroup;
			children = (
				CEB54B251C61E26100D7F300 /* Interface.storyboard */,
				CEB54B281C61E26100D7F300 /* Assets.xcassets */,
				CEB54B2A1C61E26100D7F300 /* Info.plist */,
			);
			path = WatchOS2DemoWatchExt;
			sourceTree = "<group>";
		};
		CEB54B331C61E26100D7F300 /* WatchOS2DemoWatchExt Extension */ = {
			isa = PBXGroup;
			children = (
				CEB54B341C61E26100D7F300 /* InterfaceController.h */,
				CEB54B351C61E26100D7F300 /* InterfaceController.m */,
				CEB54B371C61E26100D7F300 /* ExtensionDelegate.h */,
				CEB54B381C61E26100D7F300 /* ExtensionDelegate.m */,
				CEB54B3A1C61E26100D7F300 /* Assets.xcassets */,
				CEB54B3C1C61E26100D7F300 /* Info.plist */,
			);
			path = "WatchOS2DemoWatchExt Extension";
			sourceTree = "<group>";
		};
/* End PBXGroup section */

/* Begin PBXNativeTarget section */
		CEB54AEA1C61E21700D7F300 /* WatchOS2Demo */ = {
			isa = PBXNativeTarget;
			buildConfigurationList = CEB54B181C61E21700D7F300 /* Build configuration list for PBXNativeTarget "WatchOS2Demo" */;
			buildPhases = (
				CEB54AE71C61E21700D7F300 /* Sources */,
				CEB54AE81C61E21700D7F300 /* Frameworks */,
				CEB54AE91C61E21700D7F300 /* Resources */,
				CEB54B471C61E26100D7F300 /* Embed Watch Content */,
			);
			buildRules = (
			);
			dependencies = (
				CEB54B3E1C61E26100D7F300 /* PBXTargetDependency */,
			);
			name = WatchOS2Demo;
			productName = WatchOS2Demo;
			productReference = CEB54AEB1C61E21700D7F300 /* WatchOS2Demo.app */;
			productType = "com.apple.product-type.application";
		};
		CEB54B031C61E21700D7F300 /* WatchOS2DemoTests */ = {
			isa = PBXNativeTarget;
			buildConfigurationList = CEB54B1B1C61E21700D7F300 /* Build configuration list for PBXNativeTarget "WatchOS2DemoTests" */;
			buildPhases = (
				CEB54B001C61E21700D7F300 /* Sources */,
				CEB54B011C61E21700D7F300 /* Frameworks */,
				CEB54B021C61E21700D7F300 /* Resources */,
			);
			buildRules = (
			);
			dependencies = (
				CEB54B061C61E21700D7F300 /* PBXTargetDependency */,
			);
			name = WatchOS2DemoTests;
			productName = WatchOS2DemoTests;
			productReference = CEB54B041C61E21700D7F300 /* WatchOS2DemoTests.xctest */;
			productType = "com.apple.product-type.bundle.unit-test";
		};
		CEB54B0E1C61E21700D7F300 /* WatchOS2DemoUITests */ = {
			isa = PBXNativeTarget;
			buildConfigurationList = CEB54B1E1C61E21700D7F300 /* Build configuration list for PBXNativeTarget "WatchOS2DemoUITests" */;
			buildPhases = (
				CEB54B0B1C61E21700D7F300 /* Sources */,
				CEB54B0C1C61E21700D7F300 /* Frameworks */,
				CEB54B0D1C61E21700D7F300 /* Resources */,
			);
			buildRules = (
			);
			dependencies = (
				CEB54B111C61E21700D7F300 /* PBXTargetDependency */,
			);
			name = WatchOS2DemoUITests;
			productName = WatchOS2DemoUITests;
			productReference = CEB54B0F1C61E21700D7F300 /* WatchOS2DemoUITests.xctest */;
			productType = "com.apple.product-type.bundle.ui-testing";
		};
		CEB54B221C61E26100D7F300 /* WatchOS2DemoWatchExt */ = {
			isa = PBXNativeTarget;
			buildConfigurationList = CEB54B441C61E26100D7F300 /* Build configuration list for PBXNativeTarget "WatchOS2DemoWatchExt" */;
			buildPhases = (
				CEB54B211C61E26100D7F300 /* Resources */,
				CEB54B431C61E26100D7F300 /* Embed App Extensions */,
			);
			buildRules = (
			);
			dependencies = (
				CEB54B321C61E26100D7F300 /* PBXTargetDependency */,
			);
			name = WatchOS2DemoWatchExt;
			productName = WatchOS2DemoWatchExt;
			productReference = CEB54B231C61E26100D7F300 /* WatchOS2DemoWatchExt.app */;
			productType = "com.apple.product-type.application.watchapp2";
		};
		CEB54B2E1C61E26100D7F300 /* WatchOS2DemoWatchExt Extension */ = {
			isa = PBXNativeTarget;
			buildConfigurationList = CEB54B401C61E26100D7F300 /* Build configuration list for PBXNativeTarget "WatchOS2DemoWatchExt Extension" */;
			buildPhases = (
				CEB54B2B1C61E26100D7F300 /* Sources */,
				CEB54B2C1C61E26100D7F300 /* Frameworks */,
				CEB54B2D1C61E26100D7F300 /* Resources */,
			);
			buildRules = (
			);
			dependencies = (
			);
			name = "WatchOS2DemoWatchExt Extension";
			productName = "WatchOS2DemoWatchExt Extension";
			productReference = CEB54B2F1C61E26100D7F300 /* WatchOS2DemoWatchExt Extension.appex */;
			productType = "com.apple.product-type.watchkit2-extension";
		};
/* End PBXNativeTarget section */

/* Begin PBXProject section */
		CEB54AE31C61E21700D7F300 /* Project object */ = {
			isa = PBXProject;
			attributes = {
				LastUpgradeCheck = 0720;
				ORGANIZATIONNAME = "Suraj Mirajkar";
				TargetAttributes = {
					CEB54AEA1C61E21700D7F300 = {
						CreatedOnToolsVersion = 7.2;
						DevelopmentTeam = C262JENN6C;
					};
					CEB54B031C61E21700D7F300 = {
						CreatedOnToolsVersion = 7.2;
						TestTargetID = CEB54AEA1C61E21700D7F300;
					};
					CEB54B0E1C61E21700D7F300 = {
						CreatedOnToolsVersion = 7.2;
						TestTargetID = CEB54AEA1C61E21700D7F300;
					};
					CEB54B221C61E26100D7F300 = {
						CreatedOnToolsVersion = 7.2;
						DevelopmentTeam = C262JENN6C;
					};
					CEB54B2E1C61E26100D7F300 = {
						CreatedOnToolsVersion = 7.2;
					};
				};
			};
			buildConfigurationList = CEB54AE61C61E21700D7F300 /* Build configuration list for PBXProject "WatchOS2Demo" */;
			compatibilityVersion = "Xcode 3.2";
			developmentRegion = English;
			hasScannedForEncodings = 0;
			knownRegions = (
				en,
				Base,
			);
			mainGroup = CEB54AE21C61E21700D7F300;
			productRefGroup = CEB54AEC1C61E21700D7F300 /* Products */;
			projectDirPath = "";
			projectRoot = "";
			targets = (
				CEB54AEA1C61E21700D7F300 /* WatchOS2Demo */,
				CEB54B031C61E21700D7F300 /* WatchOS2DemoTests */,
				CEB54B0E1C61E21700D7F300 /* WatchOS2DemoUITests */,
				CEB54B221C61E26100D7F300 /* WatchOS2DemoWatchExt */,
				CEB54B2E1C61E26100D7F300 /* WatchOS2DemoWatchExt Extension */,
			);
		};
/* End PBXProject section */

/* Begin PBXResourcesBuildPhase section */
		CEB54AE91C61E21700D7F300 /* Resources */ = {
			isa = PBXResourcesBuildPhase;
			buildActionMask = 2147483647;
			files = (
				CEB54AFE1C61E21700D7F300 /* LaunchScreen.storyboard in Resources */,
				CEB54AFB1C61E21700D7F300 /* Assets.xcassets in Resources */,
				CEB54AF91C61E21700D7F300 /* Main.storyboard in Resources */,
			);
			runOnlyForDeploymentPostprocessing = 0;
		};
		CEB54B021C61E21700D7F300 /* Resources */ = {
			isa = PBXResourcesBuildPhase;
			buildActionMask = 2147483647;
			files = (
			);
			runOnlyForDeploymentPostprocessing = 0;
		};
		CEB54B0D1C61E21700D7F300 /* Resources */ = {
			isa = PBXResourcesBuildPhase;
			buildActionMask = 2147483647;
			files = (
			);
			runOnlyForDeploymentPostprocessing = 0;
		};
		CEB54B211C61E26100D7F300 /* Resources */ = {
			isa = PBXResourcesBuildPhase;
			buildActionMask = 2147483647;
			files = (
				CEB54B291C61E26100D7F300 /* Assets.xcassets in Resources */,
				CEB54B271C61E26100D7F300 /* Interface.storyboard in Resources */,
			);
			runOnlyForDeploymentPostprocessing = 0;
		};
		CEB54B2D1C61E26100D7F300 /* Resources */ = {
			isa = PBXResourcesBuildPhase;
			buildActionMask = 2147483647;
			files = (
				CEB54B3B1C61E26100D7F300 /* Assets.xcassets in Resources */,
			);
			runOnlyForDeploymentPostprocessing = 0;
		};
/* End PBXResourcesBuildPhase section */

/* Begin PBXSourcesBuildPhase section */
		CEB54AE71C61E21700D7F300 /* Sources */ = {
			isa = PBXSourcesBuildPhase;
			buildActionMask = 2147483647;
			files = (
				CEB54AF61C61E21700D7F300 /* ViewController.m in Sources */,
				CEB54AF31C61E21700D7F300 /* AppDelegate.m in Sources */,
				CEB54AF01C61E21700D7F300 /* main.m in Sources */,
			);
			runOnlyForDeploymentPostprocessing = 0;
		};
		CEB54B001C61E21700D7F300 /* Sources */ = {
			isa = PBXSourcesBuildPhase;
			buildActionMask = 2147483647;
			files = (
				CEB54B091C61E21700D7F300 /* WatchOS2DemoTests.m in Sources */,
			);
			runOnlyForDeploymentPostprocessing = 0;
		};
		CEB54B0B1C61E21700D7F300 /* Sources */ = {
			isa = PBXSourcesBuildPhase;
			buildActionMask = 2147483647;
			files = (
				CEB54B141C61E21700D7F300 /* WatchOS2DemoUITests.m in Sources */,
			);
			runOnlyForDeploymentPostprocessing = 0;
		};
		CEB54B2B1C61E26100D7F300 /* Sources */ = {
			isa = PBXSourcesBuildPhase;
			buildActionMask = 2147483647;
			files = (
				CEB54B391C61E26100D7F300 /* ExtensionDelegate.m in Sources */,
				CEB54B361C61E26100D7F300 /* InterfaceController.m in Sources */,
			);
			runOnlyForDeploymentPostprocessing = 0;
		};
/* End PBXSourcesBuildPhase section */

/* Begin PBXTargetDependency section */
		CEB54B061C61E21700D7F300 /* PBXTargetDependency */ = {
			isa = PBXTargetDependency;
			target = CEB54AEA1C61E21700D7F300 /* WatchOS2Demo */;
			targetProxy = CEB54B051C61E21700D7F300 /* PBXContainerItemProxy */;
		};
		CEB54B111C61E21700D7F300 /* PBXTargetDependency */ = {
			isa = PBXTargetDependency;
			target = CEB54AEA1C61E21700D7F300 /* WatchOS2Demo */;
			targetProxy = CEB54B101C61E21700D7F300 /* PBXContainerItemProxy */;
		};
		CEB54B321C61E26100D7F300 /* PBXTargetDependency */ = {
			isa = PBXTargetDependency;
			target = CEB54B2E1C61E26100D7F300 /* WatchOS2DemoWatchExt Extension */;
			targetProxy = CEB54B311C61E26100D7F300 /* PBXContainerItemProxy */;
		};
		CEB54B3E1C61E26100D7F300 /* PBXTargetDependency */ = {
			isa = PBXTargetDependency;
			target = CEB54B221C61E26100D7F300 /* WatchOS2DemoWatchExt */;
			targetProxy = CEB54B3D1C61E26100D7F300 /* PBXContainerItemProxy */;
		};
/* End PBXTargetDependency section */

/* Begin PBXVariantGroup section */
		CEB54AF71C61E21700D7F300 /* Main.storyboard */ = {
			isa = PBXVariantGroup;
			children = (
				CEB54AF81C61E21700D7F300 /* Base */,
			);
			name = Main.storyboard;
			sourceTree = "<group>";
		};
		CEB54AFC1C61E21700D7F300 /* LaunchScreen.storyboard */ = {
			isa = PBXVariantGroup;
			children = (
				CEB54AFD1C61E21700D7F300 /* Base */,
			);
			name = LaunchScreen.storyboard;
			sourceTree = "<group>";
		};
		CEB54B251C61E26100D7F300 /* Interface.storyboard */ = {
			isa = PBXVariantGroup;
			children = (
				CEB54B261C61E26100D7F300 /* Base */,
			);
			name = Interface.storyboard;
			sourceTree = "<group>";
		};
/* End PBXVariantGroup section */

/* Begin XCBuildConfiguration section */
		CEB54B161C61E21700D7F300 /* Debug */ = {
			isa = XCBuildConfiguration;
			buildSettings = {
				ALWAYS_SEARCH_USER_PATHS = NO;
				CLANG_CXX_LANGUAGE_STANDARD = "gnu++0x";
				CLANG_CXX_LIBRARY = "libc++";
				CLANG_ENABLE_MODULES = YES;
				CLANG_ENABLE_OBJC_ARC = YES;
				CLANG_WARN_BOOL_CONVERSION = YES;
				CLANG_WARN_CONSTANT_CONVERSION = YES;
				CLANG_WARN_DIRECT_OBJC_ISA_USAGE = YES_ERROR;
				CLANG_WARN_EMPTY_BODY = YES;
				CLANG_WARN_ENUM_CONVERSION = YES;
				CLANG_WARN_INT_CONVERSION = YES;
				CLANG_WARN_OBJC_ROOT_CLASS = YES_ERROR;
				CLANG_WARN_UNREACHABLE_CODE = YES;
				CLANG_WARN__DUPLICATE_METHOD_MATCH = YES;
				"CODE_SIGN_IDENTITY[sdk=iphoneos*]" = "iPhone Developer";
				COPY_PHASE_STRIP = NO;
				DEBUG_INFORMATION_FORMAT = dwarf;
				ENABLE_STRICT_OBJC_MSGSEND = YES;
				ENABLE_TESTABILITY = YES;
				GCC_C_LANGUAGE_STANDARD = gnu99;
				GCC_DYNAMIC_NO_PIC = NO;
				GCC_NO_COMMON_BLOCKS = YES;
				GCC_OPTIMIZATION_LEVEL = 0;
				GCC_PREPROCESSOR_DEFINITIONS = (
					"DEBUG=1",
					"$(inherited)",
				);
				GCC_WARN_64_TO_32_BIT_CONVERSION = YES;
				GCC_WARN_ABOUT_RETURN_TYPE = YES_ERROR;
				GCC_WARN_UNDECLARED_SELECTOR = YES;
				GCC_WARN_UNINITIALIZED_AUTOS = YES_AGGRESSIVE;
				GCC_WARN_UNUSED_FUNCTION = YES;
				GCC_WARN_UNUSED_VARIABLE = YES;
				IPHONEOS_DEPLOYMENT_TARGET = 9.2;
				MTL_ENABLE_DEBUG_INFO = YES;
				ONLY_ACTIVE_ARCH = YES;
				SDKROOT = iphoneos;
			};
			name = Debug;
		};
		CEB54B171C61E21700D7F300 /* Release */ = {
			isa = XCBuildConfiguration;
			buildSettings = {
				ALWAYS_SEARCH_USER_PATHS = NO;
				CLANG_CXX_LANGUAGE_STANDARD = "gnu++0x";
				CLANG_CXX_LIBRARY = "libc++";
				CLANG_ENABLE_MODULES = YES;
				CLANG_ENABLE_OBJC_ARC = YES;
				CLANG_WARN_BOOL_CONVERSION = YES;
				CLANG_WARN_CONSTANT_CONVERSION = YES;
				CLANG_WARN_DIRECT_OBJC_ISA_USAGE = YES_ERROR;
				CLANG_WARN_EMPTY_BODY = YES;
				CLANG_WARN_ENUM_CONVERSION = YES;
				CLANG_WARN_INT_CONVERSION = YES;
				CLANG_WARN_OBJC_ROOT_CLASS = YES_ERROR;
				CLANG_WARN_UNREACHABLE_CODE = YES;
				CLANG_WARN__DUPLICATE_METHOD_MATCH = YES;
				"CODE_SIGN_IDENTITY[sdk=iphoneos*]" = "iPhone Developer";
				COPY_PHASE_STRIP = NO;
				DEBUG_INFORMATION_FORMAT = "dwarf-with-dsym";
				ENABLE_NS_ASSERTIONS = NO;
				ENABLE_STRICT_OBJC_MSGSEND = YES;
				GCC_C_LANGUAGE_STANDARD = gnu99;
				GCC_NO_COMMON_BLOCKS = YES;
				GCC_WARN_64_TO_32_BIT_CONVERSION = YES;
				GCC_WARN_ABOUT_RETURN_TYPE = YES_ERROR;
				GCC_WARN_UNDECLARED_SELECTOR = YES;
				GCC_WARN_UNINITIALIZED_AUTOS = YES_AGGRESSIVE;
				GCC_WARN_UNUSED_FUNCTION = YES;
				GCC_WARN_UNUSED_VARIABLE = YES;
				IPHONEOS_DEPLOYMENT_TARGET = 9.2;
				MTL_ENABLE_DEBUG_INFO = NO;
				SDKROOT = iphoneos;
				VALIDATE_PRODUCT = YES;
			};
			name = Release;
		};
		CEB54B191C61E21700D7F300 /* Debug */ = {
			isa = XCBuildConfiguration;
			buildSettings = {
				ASSETCATALOG_COMPILER_APPICON_NAME = AppIcon;
				CODE_SIGN_IDENTITY = "iPhone Developer";
				INFOPLIST_FILE = WatchOS2Demo/Info.plist;
				IPHONEOS_DEPLOYMENT_TARGET = 8.0;
				LD_RUNPATH_SEARCH_PATHS = "$(inherited) @executable_path/Frameworks";
				PRODUCT_BUNDLE_IDENTIFIER = com.tCognition.WatchOS2Demo;
				PRODUCT_NAME = "$(TARGET_NAME)";
			};
			name = Debug;
		};
		CEB54B1A1C61E21700D7F300 /* Release */ = {
			isa = XCBuildConfiguration;
			buildSettings = {
				ASSETCATALOG_COMPILER_APPICON_NAME = AppIcon;
				CODE_SIGN_IDENTITY = "iPhone Developer";
				INFOPLIST_FILE = WatchOS2Demo/Info.plist;
				IPHONEOS_DEPLOYMENT_TARGET = 8.0;
				LD_RUNPATH_SEARCH_PATHS = "$(inherited) @executable_path/Frameworks";
				PRODUCT_BUNDLE_IDENTIFIER = com.tCognition.WatchOS2Demo;
				PRODUCT_NAME = "$(TARGET_NAME)";
			};
			name = Release;
		};
		CEB54B1C1C61E21700D7F300 /* Debug */ = {
			isa = XCBuildConfiguration;
			buildSettings = {
				BUNDLE_LOADER = "$(TEST_HOST)";
				INFOPLIST_FILE = WatchOS2DemoTests/Info.plist;
				LD_RUNPATH_SEARCH_PATHS = "$(inherited) @executable_path/Frameworks @loader_path/Frameworks";
				PRODUCT_BUNDLE_IDENTIFIER = com.tCognition.WatchOS2DemoTests;
				PRODUCT_NAME = "$(TARGET_NAME)";
				TEST_HOST = "$(BUILT_PRODUCTS_DIR)/WatchOS2Demo.app/WatchOS2Demo";
			};
			name = Debug;
		};
		CEB54B1D1C61E21700D7F300 /* Release */ = {
			isa = XCBuildConfiguration;
			buildSettings = {
				BUNDLE_LOADER = "$(TEST_HOST)";
				INFOPLIST_FILE = WatchOS2DemoTests/Info.plist;
				LD_RUNPATH_SEARCH_PATHS = "$(inherited) @executable_path/Frameworks @loader_path/Frameworks";
				PRODUCT_BUNDLE_IDENTIFIER = com.tCognition.WatchOS2DemoTests;
				PRODUCT_NAME = "$(TARGET_NAME)";
				TEST_HOST = "$(BUILT_PRODUCTS_DIR)/WatchOS2Demo.app/WatchOS2Demo";
			};
			name = Release;
		};
		CEB54B1F1C61E21700D7F300 /* Debug */ = {
			isa = XCBuildConfiguration;
			buildSettings = {
				INFOPLIST_FILE = WatchOS2DemoUITests/Info.plist;
				LD_RUNPATH_SEARCH_PATHS = "$(inherited) @executable_path/Frameworks @loader_path/Frameworks";
				PRODUCT_BUNDLE_IDENTIFIER = com.tCognition.WatchOS2DemoUITests;
				PRODUCT_NAME = "$(TARGET_NAME)";
				TEST_TARGET_NAME = WatchOS2Demo;
				USES_XCTRUNNER = YES;
			};
			name = Debug;
		};
		CEB54B201C61E21700D7F300 /* Release */ = {
			isa = XCBuildConfiguration;
			buildSettings = {
				INFOPLIST_FILE = WatchOS2DemoUITests/Info.plist;
				LD_RUNPATH_SEARCH_PATHS = "$(inherited) @executable_path/Frameworks @loader_path/Frameworks";
				PRODUCT_BUNDLE_IDENTIFIER = com.tCognition.WatchOS2DemoUITests;
				PRODUCT_NAME = "$(TARGET_NAME)";
				TEST_TARGET_NAME = WatchOS2Demo;
				USES_XCTRUNNER = YES;
			};
			name = Release;
		};
		CEB54B411C61E26100D7F300 /* Debug */ = {
			isa = XCBuildConfiguration;
			buildSettings = {
				INFOPLIST_FILE = "WatchOS2DemoWatchExt Extension/Info.plist";
				LD_RUNPATH_SEARCH_PATHS = "$(inherited) @executable_path/Frameworks @executable_path/../../Frameworks";
				PRODUCT_BUNDLE_IDENTIFIER = com.tCognition.WatchOS2Demo.watchkitapp.watchkitextension;
				PRODUCT_NAME = "${TARGET_NAME}";
				SDKROOT = watchos;
				SKIP_INSTALL = YES;
				TARGETED_DEVICE_FAMILY = 4;
				WATCHOS_DEPLOYMENT_TARGET = 2.1;
			};
			name = Debug;
		};
		CEB54B421C61E26100D7F300 /* Release */ = {
			isa = XCBuildConfiguration;
			buildSettings = {
				INFOPLIST_FILE = "WatchOS2DemoWatchExt Extension/Info.plist";
				LD_RUNPATH_SEARCH_PATHS = "$(inherited) @executable_path/Frameworks @executable_path/../../Frameworks";
				PRODUCT_BUNDLE_IDENTIFIER = com.tCognition.WatchOS2Demo.watchkitapp.watchkitextension;
				PRODUCT_NAME = "${TARGET_NAME}";
				SDKROOT = watchos;
				SKIP_INSTALL = YES;
				TARGETED_DEVICE_FAMILY = 4;
				WATCHOS_DEPLOYMENT_TARGET = 2.1;
			};
			name = Release;
		};
		CEB54B451C61E26100D7F300 /* Debug */ = {
			isa = XCBuildConfiguration;
			buildSettings = {
				ASSETCATALOG_COMPILER_APPICON_NAME = AppIcon;
				CODE_SIGN_IDENTITY = "iPhone Developer";
				IBSC_MODULE = WatchOS2DemoWatchExt_Extension;
				INFOPLIST_FILE = WatchOS2DemoWatchExt/Info.plist;
				PRODUCT_BUNDLE_IDENTIFIER = com.tCognition.WatchOS2Demo.watchkitapp;
				PRODUCT_NAME = "$(TARGET_NAME)";
				SDKROOT = watchos;
				SKIP_INSTALL = YES;
				TARGETED_DEVICE_FAMILY = 4;
				WATCHOS_DEPLOYMENT_TARGET = 2.1;
			};
			name = Debug;
		};
		CEB54B461C61E26100D7F300 /* Release */ = {
			isa = XCBuildConfiguration;
			buildSettings = {
				ASSETCATALOG_COMPILER_APPICON_NAME = AppIcon;
				CODE_SIGN_IDENTITY = "iPhone Developer";
				IBSC_MODULE = WatchOS2DemoWatchExt_Extension;
				INFOPLIST_FILE = WatchOS2DemoWatchExt/Info.plist;
				PRODUCT_BUNDLE_IDENTIFIER = com.tCognition.WatchOS2Demo.watchkitapp;
				PRODUCT_NAME = "$(TARGET_NAME)";
				SDKROOT = watchos;
				SKIP_INSTALL = YES;
				TARGETED_DEVICE_FAMILY = 4;
				WATCHOS_DEPLOYMENT_TARGET = 2.1;
			};
			name = Release;
		};
/* End XCBuildConfiguration section */

/* Begin XCConfigurationList section */
		CEB54AE61C61E21700D7F300 /* Build configuration list for PBXProject "WatchOS2Demo" */ = {
			isa = XCConfigurationList;
			buildConfigurations = (
				CEB54B161C61E21700D7F300 /* Debug */,
				CEB54B171C61E21700D7F300 /* Release */,
			);
			defaultConfigurationIsVisible = 0;
			defaultConfigurationName = Release;
		};
		CEB54B181C61E21700D7F300 /* Build configuration list for PBXNativeTarget "WatchOS2Demo" */ = {
			isa = XCConfigurationList;
			buildConfigurations = (
				CEB54B191C61E21700D7F300 /* Debug */,
				CEB54B1A1C61E21700D7F300 /* Release */,
			);
			defaultConfigurationIsVisible = 0;
		};
		CEB54B1B1C61E21700D7F300 /* Build configuration list for PBXNativeTarget "WatchOS2DemoTests" */ = {
			isa = XCConfigurationList;
			buildConfigurations = (
				CEB54B1C1C61E21700D7F300 /* Debug */,
				CEB54B1D1C61E21700D7F300 /* Release */,
			);
			defaultConfigurationIsVisible = 0;
		};
		CEB54B1E1C61E21700D7F300 /* Build configuration list for PBXNativeTarget "WatchOS2DemoUITests" */ = {
			isa = XCConfigurationList;
			buildConfigurations = (
				CEB54B1F1C61E21700D7F300 /* Debug */,
				CEB54B201C61E21700D7F300 /* Release */,
			);
			defaultConfigurationIsVisible = 0;
		};
		CEB54B401C61E26100D7F300 /* Build configuration list for PBXNativeTarget "WatchOS2DemoWatchExt Extension" */ = {
			isa = XCConfigurationList;
			buildConfigurations = (
				CEB54B411C61E26100D7F300 /* Debug */,
				CEB54B421C61E26100D7F300 /* Release */,
			);
			defaultConfigurationIsVisible = 0;
		};
		CEB54B441C61E26100D7F300 /* Build configuration list for PBXNativeTarget "WatchOS2DemoWatchExt" */ = {
			isa = XCConfigurationList;
			buildConfigurations = (
				CEB54B451C61E26100D7F300 /* Debug */,
				CEB54B461C61E26100D7F300 /* Release */,
			);
			defaultConfigurationIsVisible = 0;
		};
/* End XCConfigurationList section */
	};
	rootObject = CEB54AE31C61E21700D7F300 /* Project object */;
}
